
Microsoft Visual Studio Solution File, Format Version 12.00
# Visual Studio Version 17
VisualStudioVersion = 17.2.32519.379
MinimumVisualStudioVersion = 10.0.40219.1
Project("{FAE04EC0-301F-11D3-BF4B-00C04F79EFBC}") = "Bussola.Android", "Bussola\Bussola.Android\Bussola.Android.csproj", "{B7613EB4-D5CB-40F3-A4ED-6E6711914E25}"
EndProject
Project("{FAE04EC0-301F-11D3-BF4B-00C04F79EFBC}") = "Bussola", "Bussola\Bussola\Bussola.csproj", "{68934E67-2854-485B-AB7F-706AFDA4F182}"
EndProject
Global
	GlobalSection(SolutionConfigurationPlatforms) = preSolution
		Debug|Any CPU = Debug|Any CPU
		Release|Any CPU = Release|Any CPU
	EndGlobalSection
	GlobalSection(ProjectConfigurationPlatforms) = postSolution
		{B7613EB4-D5CB-40F3-A4ED-6E6711914E25}.Debug|Any CPU.ActiveCfg = Debug|Any CPU
		{B7613EB4-D5CB-40F3-A4ED-6E6711914E25}.Debug|Any CPU.Build.0 = Debug|Any CPU
		{B7613EB4-D5CB-40F3-A4ED-6E6711914E25}.Debug|Any CPU.Deploy.0 = Debug|Any CPU
		{B7613EB4-D5CB-40F3-A4ED-6E6711914E25}.Release|Any CPU.ActiveCfg = Release|Any CPU
		{B7613EB4-D5CB-40F3-A4ED-6E6711914E25}.Release|Any CPU.Build.0 = Release|Any CPU
		{B7613EB4-D5CB-40F3-A4ED-6E6711914E25}.Release|Any CPU.Deploy.0 = Release|Any CPU
		{68934E67-2854-485B-AB7F-706AFDA4F182}.Debug|Any CPU.ActiveCfg = Debug|Any CPU
		{68934E67-2854-485B-AB7F-706AFDA4F182}.Debug|Any CPU.Build.0 = Debug|Any CPU
		{68934E67-2854-485B-AB7F-706AFDA4F182}.Debug|Any CPU.Deploy.0 = Debug|Any CPU
		{68934E67-2854-485B-AB7F-706AFDA4F182}.Release|Any CPU.ActiveCfg = Release|Any CPU
		{68934E67-2854-485B-AB7F-706AFDA4F182}.Release|Any CPU.Build.0 = Release|Any CPU
		{68934E67-2854-485B-AB7F-706AFDA4F182}.Release|Any CPU.Deploy.0 = Release|Any CPU
	EndGlobalSection
	GlobalSection(SolutionProperties) = preSolution
		HideSolutionNode = FALSE
	EndGlobalSection
	GlobalSection(ExtensibilityGlobals) = postSolution
		SolutionGuid = {4AF145B6-247E-468D-8DF3-771ECF6F98E4}
	EndGlobalSection
EndGlobal
